
Microsoft Visual Studio Solution File, Format Version 12.00
# Visual Studio Version 17
VisualStudioVersion = 17.6.33829.357
MinimumVisualStudioVersion = 10.0.40219.1
Project("{FAE04EC0-301F-11D3-BF4B-00C04F79EFBC}") = "PipelineDemo", "PipelineDemo\PipelineDemo.csproj", "{72CBD6FD-BFFB-4604-9693-4A8B44E1BE38}"
EndProject
Global
	GlobalSection(SolutionConfigurationPlatforms) = preSolution
		Debug|Any CPU = Debug|Any CPU
		Release|Any CPU = Release|Any CPU
	EndGlobalSection
	GlobalSection(ProjectConfigurationPlatforms) = postSolution
		{72CBD6FD-BFFB-4604-9693-4A8B44E1BE38}.Debug|Any CPU.ActiveCfg = Debug|Any CPU
		{72CBD6FD-BFFB-4604-9693-4A8B44E1BE38}.Debug|Any CPU.Build.0 = Debug|Any CPU
		{72CBD6FD-BFFB-4604-9693-4A8B44E1BE38}.Release|Any CPU.ActiveCfg = Release|Any CPU
		{72CBD6FD-BFFB-4604-9693-4A8B44E1BE38}.Release|Any CPU.Build.0 = Release|Any CPU
	EndGlobalSection
	GlobalSection(SolutionProperties) = preSolution
		HideSolutionNode = FALSE
	EndGlobalSection
	GlobalSection(ExtensibilityGlobals) = postSolution
		SolutionGuid = {E4C4FA69-C100-4646-B196-55FE60CF51B7}
	EndGlobalSection
EndGlobal
